
Microsoft Visual Studio Solution File, Format Version 12.00
# Visual Studio 15
VisualStudioVersion = 15.0.28307.438
MinimumVisualStudioVersion = 10.0.40219.1
Project("{FAE04EC0-301F-11D3-BF4B-00C04F79EFBC}") = "CoffeShop", "CoffeShop\CoffeShop.csproj", "{5CCFEE63-083E-4515-B292-A09A9CFEF9C6}"
EndProject
Global
	GlobalSection(SolutionConfigurationPlatforms) = preSolution
		Debug|Any CPU = Debug|Any CPU
		Release|Any CPU = Release|Any CPU
	EndGlobalSection
	GlobalSection(ProjectConfigurationPlatforms) = postSolution
		{5CCFEE63-083E-4515-B292-A09A9CFEF9C6}.Debug|Any CPU.ActiveCfg = Debug|Any CPU
		{5CCFEE63-083E-4515-B292-A09A9CFEF9C6}.Debug|Any CPU.Build.0 = Debug|Any CPU
		{5CCFEE63-083E-4515-B292-A09A9CFEF9C6}.Release|Any CPU.ActiveCfg = Release|Any CPU
		{5CCFEE63-083E-4515-B292-A09A9CFEF9C6}.Release|Any CPU.Build.0 = Release|Any CPU
	EndGlobalSection
	GlobalSection(SolutionProperties) = preSolution
		HideSolutionNode = FALSE
	EndGlobalSection
	GlobalSection(ExtensibilityGlobals) = postSolution
		SolutionGuid = {FB7ED83D-4277-414C-8770-038ED3F0C281}
	EndGlobalSection
EndGlobal
